
Microsoft Visual Studio Solution File, Format Version 12.00
# Visual Studio Version 17
VisualStudioVersion = 17.11.35312.102
MinimumVisualStudioVersion = 10.0.40219.1
Project("{FAE04EC0-301F-11D3-BF4B-00C04F79EFBC}") = "TrackerProject", "TrackerProject.csproj", "{8F4514AE-4AA9-4114-8DF2-3156A9B374D3}"
EndProject
Global
	GlobalSection(SolutionConfigurationPlatforms) = preSolution
		Debug|Any CPU = Debug|Any CPU
		Release|Any CPU = Release|Any CPU
	EndGlobalSection
	GlobalSection(ProjectConfigurationPlatforms) = postSolution
		{8F4514AE-4AA9-4114-8DF2-3156A9B374D3}.Debug|Any CPU.ActiveCfg = Debug|Any CPU
		{8F4514AE-4AA9-4114-8DF2-3156A9B374D3}.Debug|Any CPU.Build.0 = Debug|Any CPU
		{8F4514AE-4AA9-4114-8DF2-3156A9B374D3}.Release|Any CPU.ActiveCfg = Release|Any CPU
		{8F4514AE-4AA9-4114-8DF2-3156A9B374D3}.Release|Any CPU.Build.0 = Release|Any CPU
	EndGlobalSection
	GlobalSection(SolutionProperties) = preSolution
		HideSolutionNode = FALSE
	EndGlobalSection
	GlobalSection(ExtensibilityGlobals) = postSolution
		SolutionGuid = {D7AF311E-3AA7-4F79-990B-B8F7B5240081}
	EndGlobalSection
EndGlobal
